
Microsoft Visual Studio Solution File, Format Version 12.00
# Visual Studio Version 16
VisualStudioVersion = 16.0.31515.178
MinimumVisualStudioVersion = 10.0.40219.1
Project("{888888A0-9F3D-457C-B088-3A5042F75D52}") = "TemperatureConversion", "TemperatureConversion.pyproj", "{03B28057-93E6-4B13-B4C2-34B202957B97}"
EndProject
Global
	GlobalSection(SolutionConfigurationPlatforms) = preSolution
		Debug|Any CPU = Debug|Any CPU
		Release|Any CPU = Release|Any CPU
	EndGlobalSection
	GlobalSection(ProjectConfigurationPlatforms) = postSolution
		{03B28057-93E6-4B13-B4C2-34B202957B97}.Debug|Any CPU.ActiveCfg = Debug|Any CPU
		{03B28057-93E6-4B13-B4C2-34B202957B97}.Release|Any CPU.ActiveCfg = Release|Any CPU
	EndGlobalSection
	GlobalSection(SolutionProperties) = preSolution
		HideSolutionNode = FALSE
	EndGlobalSection
	GlobalSection(ExtensibilityGlobals) = postSolution
		SolutionGuid = {7C30E834-E617-49CD-B5D9-5819B559D79C}
	EndGlobalSection
EndGlobal
